id: c4fm_pad_missing_bb
label: Pad Missing
category: '[C4FM]'
templates:
  imports: import c4fm
  make: c4fm.pad_missing_bb(${length}, ${subframes})
parameters:
- id: length
  label: Length
  dtype: int
- id: subframes
  label: Subframes
  dtype: int
inputs:
- label: in
  domain: stream
  dtype: byte
outputs:
- label: out
  domain: stream
  dtype: byte
file_format: 1
