id: c4fm_frequency_locked_loop_ff
label: Frequency Locked Loop
category: '[C4FM]'
templates:
  imports: import c4fm
  make: c4fm.frequency_locked_loop_ff(${rolloff}, ${samples})
parameters:
- id: rolloff
  label: Rolloff
  dtype: real
- id: samples
  label: Samples
  dtype: int
inputs:
- label: in
  domain: stream
  dtype: float
outputs:
- label: out
  domain: stream
  dtype: float
file_format: 1
