id: c4fm_c4fm_soft_decision_fc
label: C4FM Soft Decision
category: '[C4FM]'
templates:
  imports: import c4fm
  make: c4fm.c4fm_soft_decision_fc(${gain})
parameters:
- id: gain
  label: Gain
  dtype: real
inputs:
- label: in
  domain: stream
  dtype: float
outputs:
- label: out
  domain: stream
  dtype: complex
file_format: 1
