id: c4fm_crc16_decode_bb
label: CRC16 Decode
category: '[C4FM]'
templates:
  imports: import c4fm
  make: c4fm.crc16_decode_bb(${length_tag}, ${error_tag}, ${default_length})
parameters:
- id: length_tag
  label: Length Tag
  dtype: string
- id: error_tag
  label: Error Tag
  dtype: string
- id: default_length
  label: Default Length
  dtype: int
inputs:
- label: in
  domain: stream
  dtype: byte
outputs:
- label: out
  domain: stream
  dtype: byte
file_format: 1
